
Microsoft Visual Studio Solution File, Format Version 12.00
# Visual Studio Version 17
VisualStudioVersion = 17.8.34322.80
MinimumVisualStudioVersion = 10.0.40219.1
Project("{2150E333-8FDC-42A3-9474-1A3956D46DE8}") = "Services", "Services", "{CE373DF4-4536-4779-83A0-8F5075D8D826}"
EndProject
Project("{2150E333-8FDC-42A3-9474-1A3956D46DE8}") = "Catalog", "Catalog", "{8F608515-2CAF-4B86-9E52-BBA16FE31786}"
EndProject
Project("{9A19103F-16F7-4668-BE54-9A1E7A4F7556}") = "MultiShop.Catalog", "Services\Catalog\MultiShop.Catalog\MultiShop.Catalog.csproj", "{9D6987DD-952A-45F0-971F-E30E8AE8EE71}"
EndProject
Project("{2150E333-8FDC-42A3-9474-1A3956D46DE8}") = "Discount", "Discount", "{711CE167-8122-4496-B7D9-6C6FE8C2E66E}"
EndProject
Project("{9A19103F-16F7-4668-BE54-9A1E7A4F7556}") = "Multishop.Discount", "Services\Discount\Multishop.Discount\Multishop.Discount.csproj", "{7A8546CB-563E-47D9-BB5D-BA99AFEE8934}"
EndProject
Project("{2150E333-8FDC-42A3-9474-1A3956D46DE8}") = "Order", "Order", "{EA701F21-C465-438A-B2C6-C684A9761CC5}"
EndProject
Project("{2150E333-8FDC-42A3-9474-1A3956D46DE8}") = "Core", "Core", "{201E6668-D2BD-4F3F-8422-C9D25FF3F367}"
EndProject
Project("{2150E333-8FDC-42A3-9474-1A3956D46DE8}") = "Infrastructure", "Infrastructure", "{6A497F46-8099-4AC0-80DC-29C19EFACD05}"
EndProject
Project("{2150E333-8FDC-42A3-9474-1A3956D46DE8}") = "Presentation", "Presentation", "{651D6E77-2594-47DB-B05A-CEB0C267577C}"
EndProject
Project("{9A19103F-16F7-4668-BE54-9A1E7A4F7556}") = "MultiShop.Order.Domain", "Services\Order\Core\MultiShop.Order.Domain\MultiShop.Order.Domain.csproj", "{EA7B15E5-41CB-40DB-B9AF-EF9BA53FBA0F}"
EndProject
Project("{9A19103F-16F7-4668-BE54-9A1E7A4F7556}") = "MultiShop.Order.Application", "Services\Order\Core\MultiShop.Order.Application\MultiShop.Order.Application.csproj", "{13134A4F-CCB9-4EFA-9354-E295C1E00287}"
EndProject
Project("{9A19103F-16F7-4668-BE54-9A1E7A4F7556}") = "MultiShop.Order.Persistence", "Services\Order\Infrastructure\MultiShop.Order.Persistence\MultiShop.Order.Persistence.csproj", "{4E129B7C-4A44-403A-A40E-4B84BB428CCD}"
EndProject
Project("{9A19103F-16F7-4668-BE54-9A1E7A4F7556}") = "MultiShop.Order.WebApi", "Services\Order\Presentation\MultiShop.Order.WebApi\MultiShop.Order.WebApi.csproj", "{BFE70AE5-31BC-4A9F-84D2-D30BAB9F0857}"
EndProject
Project("{2150E333-8FDC-42A3-9474-1A3956D46DE8}") = "IdentityServer", "IdentityServer", "{B601FF96-5E02-4659-87D1-C050319ED6A9}"
EndProject
Project("{9A19103F-16F7-4668-BE54-9A1E7A4F7556}") = "MultiShop.IdentityServer", "IdentityServer\MultiShop.IdentityServer\MultiShop.IdentityServer.csproj", "{77BACD27-6773-41BA-84D8-7A4CD6BE199F}"
EndProject
Project("{2150E333-8FDC-42A3-9474-1A3956D46DE8}") = "Cargo", "Cargo", "{1AC38BAE-6C4C-470D-B996-C2E4DDF048BA}"
EndProject
Project("{9A19103F-16F7-4668-BE54-9A1E7A4F7556}") = "MultiShop.Cargo.Business", "Services\Cargo\MultiShop.Cargo.Business\MultiShop.Cargo.Business.csproj", "{937B7DF9-6D37-4EB8-9178-44AB0E6286B5}"
EndProject
Project("{9A19103F-16F7-4668-BE54-9A1E7A4F7556}") = "MultiShop.Cargo.Entity", "Services\Cargo\MultiShop.Cargo.Entity\MultiShop.Cargo.Entity.csproj", "{999434B0-B993-44CD-9697-AB4F34D60D73}"
EndProject
Project("{9A19103F-16F7-4668-BE54-9A1E7A4F7556}") = "MultiShop.Cargo.DataAccess", "Services\Cargo\MultiShop.Cargo.DataAccess\MultiShop.Cargo.DataAccess.csproj", "{2FEE0D24-6DFF-412E-A350-6A2917084488}"
EndProject
Project("{9A19103F-16F7-4668-BE54-9A1E7A4F7556}") = "MultiShop.Cargo.Dto", "Services\Cargo\MultiShop.Cargo.Dto\MultiShop.Cargo.Dto.csproj", "{7BFBE2F0-C427-45C7-89E0-F5E72FFE3592}"
EndProject
Project("{9A19103F-16F7-4668-BE54-9A1E7A4F7556}") = "MultiShop.Cargo.WebApi", "Services\Cargo\MultiShop.Cargo.WebApi\MultiShop.Cargo.WebApi.csproj", "{46A7F4AC-D20A-4A67-9FF8-5A401560AE52}"
EndProject
Project("{2150E333-8FDC-42A3-9474-1A3956D46DE8}") = "Basket", "Basket", "{6F33E0C6-C9B3-44F3-B57F-1D23444366FA}"
EndProject
Project("{9A19103F-16F7-4668-BE54-9A1E7A4F7556}") = "MultiShop.Basket", "Services\Basket\MultiShop.Basket\MultiShop.Basket.csproj", "{D608977B-BF27-4E14-AD18-C3E635B8E7EA}"
EndProject
Project("{2150E333-8FDC-42A3-9474-1A3956D46DE8}") = "Frontends", "Frontends", "{9A2D2E8A-A231-466D-BE5A-8C725F9D904B}"
EndProject
Project("{9A19103F-16F7-4668-BE54-9A1E7A4F7556}") = "MultiShop.WebUI", "Frontends\MultiShop.WebUI\MultiShop.WebUI.csproj", "{E9C25D4F-0A6A-4C4B-87E0-D93ECB11536C}"
EndProject
Project("{9A19103F-16F7-4668-BE54-9A1E7A4F7556}") = "MultiShop.DtoLayer", "Frontends\MultiShop.DtoLayer\MultiShop.DtoLayer.csproj", "{E3B6350D-F9B2-47B7-8939-0AC2346CEE80}"
EndProject
Project("{2150E333-8FDC-42A3-9474-1A3956D46DE8}") = "Comment", "Comment", "{2030DD6A-9BF6-4F8F-8E6D-D935FD536173}"
EndProject
Project("{9A19103F-16F7-4668-BE54-9A1E7A4F7556}") = "MultiShop.Comment", "Services\Comment\MultiShop.Comment\MultiShop.Comment.csproj", "{BC1BD5B3-E367-448E-9AAE-168F0256C680}"
EndProject
Project("{2150E333-8FDC-42A3-9474-1A3956D46DE8}") = "ApiGateway", "ApiGateway", "{198637A4-2D08-4D06-9079-DA082ADA5D30}"
EndProject
Project("{2150E333-8FDC-42A3-9474-1A3956D46DE8}") = "RapidApi", "RapidApi", "{8B958560-1C93-4D63-ACFC-72D9510F6E36}"
EndProject
Project("{9A19103F-16F7-4668-BE54-9A1E7A4F7556}") = "MultiShop.OcelotGateway", "ApiGateway\MultiShop.OcelotGateway\MultiShop.OcelotGateway.csproj", "{D6BA4335-ED7E-4FF4-9C5C-C1ED5DED3B78}"
EndProject
Project("{2150E333-8FDC-42A3-9474-1A3956D46DE8}") = "Payment", "Payment", "{01032E32-4082-4035-B313-CC4F732B3EAF}"
EndProject
Project("{9A19103F-16F7-4668-BE54-9A1E7A4F7556}") = "MultiShop.Payment", "Services\Payment\MultiShop.Payment\MultiShop.Payment.csproj", "{56CC021A-0071-49FD-89F7-6AA45DBD0028}"
EndProject
Project("{2150E333-8FDC-42A3-9474-1A3956D46DE8}") = "Images", "Images", "{06541FDD-CC8D-417D-B81D-FBB56A847A02}"
EndProject
Project("{9A19103F-16F7-4668-BE54-9A1E7A4F7556}") = "MultiShop.Images", "Services\Images\MultiShop.Images\MultiShop.Images.csproj", "{F4ADA5CF-51E5-458D-A90D-B397F202661E}"
EndProject
Project("{2150E333-8FDC-42A3-9474-1A3956D46DE8}") = "Message", "Message", "{28B2AB6C-AB38-4F4D-92B3-3AE63AC5970F}"
EndProject
Project("{9A19103F-16F7-4668-BE54-9A1E7A4F7556}") = "MultiShop.Message", "Services\Message\MultiShop.Message\MultiShop.Message.csproj", "{3CE896EA-553C-4A03-9B14-0D1BC0023A03}"
EndProject
Project("{2150E333-8FDC-42A3-9474-1A3956D46DE8}") = "SignalRRealTime", "SignalRRealTime", "{5A75C622-3EC9-4887-AA26-F09D0B417F80}"
EndProject
Project("{FAE04EC0-301F-11D3-BF4B-00C04F79EFBC}") = "MultiShop.SignalRRealTimeApi", "Services\SignalRRealTime\MultiShop.SignalRRealTimeApi\MultiShop.SignalRRealTimeApi.csproj", "{15F73B1D-FCD6-4647-A36A-2763D067B745}"
EndProject
Global
	GlobalSection(SolutionConfigurationPlatforms) = preSolution
		Debug|Any CPU = Debug|Any CPU
		Release|Any CPU = Release|Any CPU
	EndGlobalSection
	GlobalSection(ProjectConfigurationPlatforms) = postSolution
		{9D6987DD-952A-45F0-971F-E30E8AE8EE71}.Debug|Any CPU.ActiveCfg = Debug|Any CPU
		{9D6987DD-952A-45F0-971F-E30E8AE8EE71}.Debug|Any CPU.Build.0 = Debug|Any CPU
		{9D6987DD-952A-45F0-971F-E30E8AE8EE71}.Release|Any CPU.ActiveCfg = Release|Any CPU
		{9D6987DD-952A-45F0-971F-E30E8AE8EE71}.Release|Any CPU.Build.0 = Release|Any CPU
		{7A8546CB-563E-47D9-BB5D-BA99AFEE8934}.Debug|Any CPU.ActiveCfg = Debug|Any CPU
		{7A8546CB-563E-47D9-BB5D-BA99AFEE8934}.Debug|Any CPU.Build.0 = Debug|Any CPU
		{7A8546CB-563E-47D9-BB5D-BA99AFEE8934}.Release|Any CPU.ActiveCfg = Release|Any CPU
		{7A8546CB-563E-47D9-BB5D-BA99AFEE8934}.Release|Any CPU.Build.0 = Release|Any CPU
		{EA7B15E5-41CB-40DB-B9AF-EF9BA53FBA0F}.Debug|Any CPU.ActiveCfg = Debug|Any CPU
		{EA7B15E5-41CB-40DB-B9AF-EF9BA53FBA0F}.Debug|Any CPU.Build.0 = Debug|Any CPU
		{EA7B15E5-41CB-40DB-B9AF-EF9BA53FBA0F}.Release|Any CPU.ActiveCfg = Release|Any CPU
		{EA7B15E5-41CB-40DB-B9AF-EF9BA53FBA0F}.Release|Any CPU.Build.0 = Release|Any CPU
		{13134A4F-CCB9-4EFA-9354-E295C1E00287}.Debug|Any CPU.ActiveCfg = Debug|Any CPU
		{13134A4F-CCB9-4EFA-9354-E295C1E00287}.Debug|Any CPU.Build.0 = Debug|Any CPU
		{13134A4F-CCB9-4EFA-9354-E295C1E00287}.Release|Any CPU.ActiveCfg = Release|Any CPU
		{13134A4F-CCB9-4EFA-9354-E295C1E00287}.Release|Any CPU.Build.0 = Release|Any CPU
		{4E129B7C-4A44-403A-A40E-4B84BB428CCD}.Debug|Any CPU.ActiveCfg = Debug|Any CPU
		{4E129B7C-4A44-403A-A40E-4B84BB428CCD}.Debug|Any CPU.Build.0 = Debug|Any CPU
		{4E129B7C-4A44-403A-A40E-4B84BB428CCD}.Release|Any CPU.ActiveCfg = Release|Any CPU
		{4E129B7C-4A44-403A-A40E-4B84BB428CCD}.Release|Any CPU.Build.0 = Release|Any CPU
		{BFE70AE5-31BC-4A9F-84D2-D30BAB9F0857}.Debug|Any CPU.ActiveCfg = Debug|Any CPU
		{BFE70AE5-31BC-4A9F-84D2-D30BAB9F0857}.Debug|Any CPU.Build.0 = Debug|Any CPU
		{BFE70AE5-31BC-4A9F-84D2-D30BAB9F0857}.Release|Any CPU.ActiveCfg = Release|Any CPU
		{BFE70AE5-31BC-4A9F-84D2-D30BAB9F0857}.Release|Any CPU.Build.0 = Release|Any CPU
		{77BACD27-6773-41BA-84D8-7A4CD6BE199F}.Debug|Any CPU.ActiveCfg = Debug|Any CPU
		{77BACD27-6773-41BA-84D8-7A4CD6BE199F}.Debug|Any CPU.Build.0 = Debug|Any CPU
		{77BACD27-6773-41BA-84D8-7A4CD6BE199F}.Release|Any CPU.ActiveCfg = Release|Any CPU
		{77BACD27-6773-41BA-84D8-7A4CD6BE199F}.Release|Any CPU.Build.0 = Release|Any CPU
		{937B7DF9-6D37-4EB8-9178-44AB0E6286B5}.Debug|Any CPU.ActiveCfg = Debug|Any CPU
		{937B7DF9-6D37-4EB8-9178-44AB0E6286B5}.Debug|Any CPU.Build.0 = Debug|Any CPU
		{937B7DF9-6D37-4EB8-9178-44AB0E6286B5}.Release|Any CPU.ActiveCfg = Release|Any CPU
		{937B7DF9-6D37-4EB8-9178-44AB0E6286B5}.Release|Any CPU.Build.0 = Release|Any CPU
		{999434B0-B993-44CD-9697-AB4F34D60D73}.Debug|Any CPU.ActiveCfg = Debug|Any CPU
		{999434B0-B993-44CD-9697-AB4F34D60D73}.Debug|Any CPU.Build.0 = Debug|Any CPU
		{999434B0-B993-44CD-9697-AB4F34D60D73}.Release|Any CPU.ActiveCfg = Release|Any CPU
		{999434B0-B993-44CD-9697-AB4F34D60D73}.Release|Any CPU.Build.0 = Release|Any CPU
		{2FEE0D24-6DFF-412E-A350-6A2917084488}.Debug|Any CPU.ActiveCfg = Debug|Any CPU
		{2FEE0D24-6DFF-412E-A350-6A2917084488}.Debug|Any CPU.Build.0 = Debug|Any CPU
		{2FEE0D24-6DFF-412E-A350-6A2917084488}.Release|Any CPU.ActiveCfg = Release|Any CPU
		{2FEE0D24-6DFF-412E-A350-6A2917084488}.Release|Any CPU.Build.0 = Release|Any CPU
		{7BFBE2F0-C427-45C7-89E0-F5E72FFE3592}.Debug|Any CPU.ActiveCfg = Debug|Any CPU
		{7BFBE2F0-C427-45C7-89E0-F5E72FFE3592}.Debug|Any CPU.Build.0 = Debug|Any CPU
		{7BFBE2F0-C427-45C7-89E0-F5E72FFE3592}.Release|Any CPU.ActiveCfg = Release|Any CPU
		{7BFBE2F0-C427-45C7-89E0-F5E72FFE3592}.Release|Any CPU.Build.0 = Release|Any CPU
		{46A7F4AC-D20A-4A67-9FF8-5A401560AE52}.Debug|Any CPU.ActiveCfg = Debug|Any CPU
		{46A7F4AC-D20A-4A67-9FF8-5A401560AE52}.Debug|Any CPU.Build.0 = Debug|Any CPU
		{46A7F4AC-D20A-4A67-9FF8-5A401560AE52}.Release|Any CPU.ActiveCfg = Release|Any CPU
		{46A7F4AC-D20A-4A67-9FF8-5A401560AE52}.Release|Any CPU.Build.0 = Release|Any CPU
		{D608977B-BF27-4E14-AD18-C3E635B8E7EA}.Debug|Any CPU.ActiveCfg = Debug|Any CPU
		{D608977B-BF27-4E14-AD18-C3E635B8E7EA}.Debug|Any CPU.Build.0 = Debug|Any CPU
		{D608977B-BF27-4E14-AD18-C3E635B8E7EA}.Release|Any CPU.ActiveCfg = Release|Any CPU
		{D608977B-BF27-4E14-AD18-C3E635B8E7EA}.Release|Any CPU.Build.0 = Release|Any CPU
		{E9C25D4F-0A6A-4C4B-87E0-D93ECB11536C}.Debug|Any CPU.ActiveCfg = Debug|Any CPU
		{E9C25D4F-0A6A-4C4B-87E0-D93ECB11536C}.Debug|Any CPU.Build.0 = Debug|Any CPU
		{E9C25D4F-0A6A-4C4B-87E0-D93ECB11536C}.Release|Any CPU.ActiveCfg = Release|Any CPU
		{E9C25D4F-0A6A-4C4B-87E0-D93ECB11536C}.Release|Any CPU.Build.0 = Release|Any CPU
		{E3B6350D-F9B2-47B7-8939-0AC2346CEE80}.Debug|Any CPU.ActiveCfg = Debug|Any CPU
		{E3B6350D-F9B2-47B7-8939-0AC2346CEE80}.Debug|Any CPU.Build.0 = Debug|Any CPU
		{E3B6350D-F9B2-47B7-8939-0AC2346CEE80}.Release|Any CPU.ActiveCfg = Release|Any CPU
		{E3B6350D-F9B2-47B7-8939-0AC2346CEE80}.Release|Any CPU.Build.0 = Release|Any CPU
		{BC1BD5B3-E367-448E-9AAE-168F0256C680}.Debug|Any CPU.ActiveCfg = Debug|Any CPU
		{BC1BD5B3-E367-448E-9AAE-168F0256C680}.Debug|Any CPU.Build.0 = Debug|Any CPU
		{BC1BD5B3-E367-448E-9AAE-168F0256C680}.Release|Any CPU.ActiveCfg = Release|Any CPU
		{BC1BD5B3-E367-448E-9AAE-168F0256C680}.Release|Any CPU.Build.0 = Release|Any CPU
		{D6BA4335-ED7E-4FF4-9C5C-C1ED5DED3B78}.Debug|Any CPU.ActiveCfg = Debug|Any CPU
		{D6BA4335-ED7E-4FF4-9C5C-C1ED5DED3B78}.Debug|Any CPU.Build.0 = Debug|Any CPU
		{D6BA4335-ED7E-4FF4-9C5C-C1ED5DED3B78}.Release|Any CPU.ActiveCfg = Release|Any CPU
		{D6BA4335-ED7E-4FF4-9C5C-C1ED5DED3B78}.Release|Any CPU.Build.0 = Release|Any CPU
		{56CC021A-0071-49FD-89F7-6AA45DBD0028}.Debug|Any CPU.ActiveCfg = Debug|Any CPU
		{56CC021A-0071-49FD-89F7-6AA45DBD0028}.Debug|Any CPU.Build.0 = Debug|Any CPU
		{56CC021A-0071-49FD-89F7-6AA45DBD0028}.Release|Any CPU.ActiveCfg = Release|Any CPU
		{56CC021A-0071-49FD-89F7-6AA45DBD0028}.Release|Any CPU.Build.0 = Release|Any CPU
		{F4ADA5CF-51E5-458D-A90D-B397F202661E}.Debug|Any CPU.ActiveCfg = Debug|Any CPU
		{F4ADA5CF-51E5-458D-A90D-B397F202661E}.Debug|Any CPU.Build.0 = Debug|Any CPU
		{F4ADA5CF-51E5-458D-A90D-B397F202661E}.Release|Any CPU.ActiveCfg = Release|Any CPU
		{F4ADA5CF-51E5-458D-A90D-B397F202661E}.Release|Any CPU.Build.0 = Release|Any CPU
		{3CE896EA-553C-4A03-9B14-0D1BC0023A03}.Debug|Any CPU.ActiveCfg = Debug|Any CPU
		{3CE896EA-553C-4A03-9B14-0D1BC0023A03}.Debug|Any CPU.Build.0 = Debug|Any CPU
		{3CE896EA-553C-4A03-9B14-0D1BC0023A03}.Release|Any CPU.ActiveCfg = Release|Any CPU
		{3CE896EA-553C-4A03-9B14-0D1BC0023A03}.Release|Any CPU.Build.0 = Release|Any CPU
		{15F73B1D-FCD6-4647-A36A-2763D067B745}.Debug|Any CPU.ActiveCfg = Debug|Any CPU
		{15F73B1D-FCD6-4647-A36A-2763D067B745}.Debug|Any CPU.Build.0 = Debug|Any CPU
		{15F73B1D-FCD6-4647-A36A-2763D067B745}.Release|Any CPU.ActiveCfg = Release|Any CPU
		{15F73B1D-FCD6-4647-A36A-2763D067B745}.Release|Any CPU.Build.0 = Release|Any CPU
	EndGlobalSection
	GlobalSection(SolutionProperties) = preSolution
		HideSolutionNode = FALSE
	EndGlobalSection
	GlobalSection(NestedProjects) = preSolution
		{8F608515-2CAF-4B86-9E52-BBA16FE31786} = {CE373DF4-4536-4779-83A0-8F5075D8D826}
		{9D6987DD-952A-45F0-971F-E30E8AE8EE71} = {8F608515-2CAF-4B86-9E52-BBA16FE31786}
		{711CE167-8122-4496-B7D9-6C6FE8C2E66E} = {CE373DF4-4536-4779-83A0-8F5075D8D826}
		{7A8546CB-563E-47D9-BB5D-BA99AFEE8934} = {711CE167-8122-4496-B7D9-6C6FE8C2E66E}
		{EA701F21-C465-438A-B2C6-C684A9761CC5} = {CE373DF4-4536-4779-83A0-8F5075D8D826}
		{201E6668-D2BD-4F3F-8422-C9D25FF3F367} = {EA701F21-C465-438A-B2C6-C684A9761CC5}
		{6A497F46-8099-4AC0-80DC-29C19EFACD05} = {EA701F21-C465-438A-B2C6-C684A9761CC5}
		{651D6E77-2594-47DB-B05A-CEB0C267577C} = {EA701F21-C465-438A-B2C6-C684A9761CC5}
		{EA7B15E5-41CB-40DB-B9AF-EF9BA53FBA0F} = {201E6668-D2BD-4F3F-8422-C9D25FF3F367}
		{13134A4F-CCB9-4EFA-9354-E295C1E00287} = {201E6668-D2BD-4F3F-8422-C9D25FF3F367}
		{4E129B7C-4A44-403A-A40E-4B84BB428CCD} = {6A497F46-8099-4AC0-80DC-29C19EFACD05}
		{BFE70AE5-31BC-4A9F-84D2-D30BAB9F0857} = {651D6E77-2594-47DB-B05A-CEB0C267577C}
		{77BACD27-6773-41BA-84D8-7A4CD6BE199F} = {B601FF96-5E02-4659-87D1-C050319ED6A9}
		{1AC38BAE-6C4C-470D-B996-C2E4DDF048BA} = {CE373DF4-4536-4779-83A0-8F5075D8D826}
		{937B7DF9-6D37-4EB8-9178-44AB0E6286B5} = {1AC38BAE-6C4C-470D-B996-C2E4DDF048BA}
		{999434B0-B993-44CD-9697-AB4F34D60D73} = {1AC38BAE-6C4C-470D-B996-C2E4DDF048BA}
		{2FEE0D24-6DFF-412E-A350-6A2917084488} = {1AC38BAE-6C4C-470D-B996-C2E4DDF048BA}
		{7BFBE2F0-C427-45C7-89E0-F5E72FFE3592} = {1AC38BAE-6C4C-470D-B996-C2E4DDF048BA}
		{46A7F4AC-D20A-4A67-9FF8-5A401560AE52} = {1AC38BAE-6C4C-470D-B996-C2E4DDF048BA}
		{6F33E0C6-C9B3-44F3-B57F-1D23444366FA} = {CE373DF4-4536-4779-83A0-8F5075D8D826}
		{D608977B-BF27-4E14-AD18-C3E635B8E7EA} = {6F33E0C6-C9B3-44F3-B57F-1D23444366FA}
		{E9C25D4F-0A6A-4C4B-87E0-D93ECB11536C} = {9A2D2E8A-A231-466D-BE5A-8C725F9D904B}
		{E3B6350D-F9B2-47B7-8939-0AC2346CEE80} = {9A2D2E8A-A231-466D-BE5A-8C725F9D904B}
		{2030DD6A-9BF6-4F8F-8E6D-D935FD536173} = {CE373DF4-4536-4779-83A0-8F5075D8D826}
		{BC1BD5B3-E367-448E-9AAE-168F0256C680} = {2030DD6A-9BF6-4F8F-8E6D-D935FD536173}
		{D6BA4335-ED7E-4FF4-9C5C-C1ED5DED3B78} = {198637A4-2D08-4D06-9079-DA082ADA5D30}
		{01032E32-4082-4035-B313-CC4F732B3EAF} = {CE373DF4-4536-4779-83A0-8F5075D8D826}
		{56CC021A-0071-49FD-89F7-6AA45DBD0028} = {01032E32-4082-4035-B313-CC4F732B3EAF}
		{06541FDD-CC8D-417D-B81D-FBB56A847A02} = {CE373DF4-4536-4779-83A0-8F5075D8D826}
		{F4ADA5CF-51E5-458D-A90D-B397F202661E} = {06541FDD-CC8D-417D-B81D-FBB56A847A02}
		{28B2AB6C-AB38-4F4D-92B3-3AE63AC5970F} = {CE373DF4-4536-4779-83A0-8F5075D8D826}
		{3CE896EA-553C-4A03-9B14-0D1BC0023A03} = {28B2AB6C-AB38-4F4D-92B3-3AE63AC5970F}
		{5A75C622-3EC9-4887-AA26-F09D0B417F80} = {CE373DF4-4536-4779-83A0-8F5075D8D826}
		{15F73B1D-FCD6-4647-A36A-2763D067B745} = {5A75C622-3EC9-4887-AA26-F09D0B417F80}
	EndGlobalSection
	GlobalSection(ExtensibilityGlobals) = postSolution
		SolutionGuid = {08F3A9D8-1A1B-4388-AAF3-4DA5E2190C85}
	EndGlobalSection
EndGlobal
