
Microsoft Visual Studio Solution File, Format Version 12.00
# Visual Studio Version 17
VisualStudioVersion = 17.8.34322.80
MinimumVisualStudioVersion = 10.0.40219.1
Project("{2150E333-8FDC-42A3-9474-1A3956D46DE8}") = "Services", "Services", "{CE373DF4-4536-4779-83A0-8F5075D8D826}"
EndProject
Project("{2150E333-8FDC-42A3-9474-1A3956D46DE8}") = "Catalog", "Catalog", "{8F608515-2CAF-4B86-9E52-BBA16FE31786}"
EndProject
Project("{9A19103F-16F7-4668-BE54-9A1E7A4F7556}") = "MultiShop.Catalog", "Services\Catalog\MultiShop.Catalog\MultiShop.Catalog.csproj", "{9D6987DD-952A-45F0-971F-E30E8AE8EE71}"
EndProject
Project("{2150E333-8FDC-42A3-9474-1A3956D46DE8}") = "Discount", "Discount", "{711CE167-8122-4496-B7D9-6C6FE8C2E66E}"
EndProject
Project("{9A19103F-16F7-4668-BE54-9A1E7A4F7556}") = "Multishop.Discount", "Services\Discount\Multishop.Discount\Multishop.Discount.csproj", "{7A8546CB-563E-47D9-BB5D-BA99AFEE8934}"
EndProject
Project("{2150E333-8FDC-42A3-9474-1A3956D46DE8}") = "Order", "Order", "{EA701F21-C465-438A-B2C6-C684A9761CC5}"
EndProject
Project("{2150E333-8FDC-42A3-9474-1A3956D46DE8}") = "Core", "Core", "{201E6668-D2BD-4F3F-8422-C9D25FF3F367}"
EndProject
Project("{2150E333-8FDC-42A3-9474-1A3956D46DE8}") = "Infrastructure", "Infrastructure", "{6A497F46-8099-4AC0-80DC-29C19EFACD05}"
EndProject
Project("{2150E333-8FDC-42A3-9474-1A3956D46DE8}") = "Presentation", "Presentation", "{651D6E77-2594-47DB-B05A-CEB0C267577C}"
EndProject
Project("{9A19103F-16F7-4668-BE54-9A1E7A4F7556}") = "MultiShop.Order.Domain", "Services\Order\Core\MultiShop.Order.Domain\MultiShop.Order.Domain.csproj", "{EA7B15E5-41CB-40DB-B9AF-EF9BA53FBA0F}"
EndProject
Project("{9A19103F-16F7-4668-BE54-9A1E7A4F7556}") = "MultiShop.Order.Application", "Services\Order\Core\MultiShop.Order.Application\MultiShop.Order.Application.csproj", "{13134A4F-CCB9-4EFA-9354-E295C1E00287}"
EndProject
Project("{9A19103F-16F7-4668-BE54-9A1E7A4F7556}") = "MultiShop.Order.Persistence", "Services\Order\Infrastructure\MultiShop.Order.Persistence\MultiShop.Order.Persistence.csproj", "{4E129B7C-4A44-403A-A40E-4B84BB428CCD}"
EndProject
Project("{9A19103F-16F7-4668-BE54-9A1E7A4F7556}") = "MultiShop.Order.WebApi", "Services\Order\Presentation\MultiShop.Order.WebApi\MultiShop.Order.WebApi.csproj", "{BFE70AE5-31BC-4A9F-84D2-D30BAB9F0857}"
EndProject
Project("{2150E333-8FDC-42A3-9474-1A3956D46DE8}") = "IdentityServer", "IdentityServer", "{B601FF96-5E02-4659-87D1-C050319ED6A9}"
EndProject
Project("{9A19103F-16F7-4668-BE54-9A1E7A4F7556}") = "MultiShop.IdentityServer", "IdentityServer\MultiShop.IdentityServer\MultiShop.IdentityServer.csproj", "{77BACD27-6773-41BA-84D8-7A4CD6BE199F}"
EndProject
Global
	GlobalSection(SolutionConfigurationPlatforms) = preSolution
		Debug|Any CPU = Debug|Any CPU
		Release|Any CPU = Release|Any CPU
	EndGlobalSection
	GlobalSection(ProjectConfigurationPlatforms) = postSolution
		{9D6987DD-952A-45F0-971F-E30E8AE8EE71}.Debug|Any CPU.ActiveCfg = Debug|Any CPU
		{9D6987DD-952A-45F0-971F-E30E8AE8EE71}.Debug|Any CPU.Build.0 = Debug|Any CPU
		{9D6987DD-952A-45F0-971F-E30E8AE8EE71}.Release|Any CPU.ActiveCfg = Release|Any CPU
		{9D6987DD-952A-45F0-971F-E30E8AE8EE71}.Release|Any CPU.Build.0 = Release|Any CPU
		{7A8546CB-563E-47D9-BB5D-BA99AFEE8934}.Debug|Any CPU.ActiveCfg = Debug|Any CPU
		{7A8546CB-563E-47D9-BB5D-BA99AFEE8934}.Debug|Any CPU.Build.0 = Debug|Any CPU
		{7A8546CB-563E-47D9-BB5D-BA99AFEE8934}.Release|Any CPU.ActiveCfg = Release|Any CPU
		{7A8546CB-563E-47D9-BB5D-BA99AFEE8934}.Release|Any CPU.Build.0 = Release|Any CPU
		{EA7B15E5-41CB-40DB-B9AF-EF9BA53FBA0F}.Debug|Any CPU.ActiveCfg = Debug|Any CPU
		{EA7B15E5-41CB-40DB-B9AF-EF9BA53FBA0F}.Debug|Any CPU.Build.0 = Debug|Any CPU
		{EA7B15E5-41CB-40DB-B9AF-EF9BA53FBA0F}.Release|Any CPU.ActiveCfg = Release|Any CPU
		{EA7B15E5-41CB-40DB-B9AF-EF9BA53FBA0F}.Release|Any CPU.Build.0 = Release|Any CPU
		{13134A4F-CCB9-4EFA-9354-E295C1E00287}.Debug|Any CPU.ActiveCfg = Debug|Any CPU
		{13134A4F-CCB9-4EFA-9354-E295C1E00287}.Debug|Any CPU.Build.0 = Debug|Any CPU
		{13134A4F-CCB9-4EFA-9354-E295C1E00287}.Release|Any CPU.ActiveCfg = Release|Any CPU
		{13134A4F-CCB9-4EFA-9354-E295C1E00287}.Release|Any CPU.Build.0 = Release|Any CPU
		{4E129B7C-4A44-403A-A40E-4B84BB428CCD}.Debug|Any CPU.ActiveCfg = Debug|Any CPU
		{4E129B7C-4A44-403A-A40E-4B84BB428CCD}.Debug|Any CPU.Build.0 = Debug|Any CPU
		{4E129B7C-4A44-403A-A40E-4B84BB428CCD}.Release|Any CPU.ActiveCfg = Release|Any CPU
		{4E129B7C-4A44-403A-A40E-4B84BB428CCD}.Release|Any CPU.Build.0 = Release|Any CPU
		{BFE70AE5-31BC-4A9F-84D2-D30BAB9F0857}.Debug|Any CPU.ActiveCfg = Debug|Any CPU
		{BFE70AE5-31BC-4A9F-84D2-D30BAB9F0857}.Debug|Any CPU.Build.0 = Debug|Any CPU
		{BFE70AE5-31BC-4A9F-84D2-D30BAB9F0857}.Release|Any CPU.ActiveCfg = Release|Any CPU
		{BFE70AE5-31BC-4A9F-84D2-D30BAB9F0857}.Release|Any CPU.Build.0 = Release|Any CPU
		{77BACD27-6773-41BA-84D8-7A4CD6BE199F}.Debug|Any CPU.ActiveCfg = Debug|Any CPU
		{77BACD27-6773-41BA-84D8-7A4CD6BE199F}.Debug|Any CPU.Build.0 = Debug|Any CPU
		{77BACD27-6773-41BA-84D8-7A4CD6BE199F}.Release|Any CPU.ActiveCfg = Release|Any CPU
		{77BACD27-6773-41BA-84D8-7A4CD6BE199F}.Release|Any CPU.Build.0 = Release|Any CPU
	EndGlobalSection
	GlobalSection(SolutionProperties) = preSolution
		HideSolutionNode = FALSE
	EndGlobalSection
	GlobalSection(NestedProjects) = preSolution
		{8F608515-2CAF-4B86-9E52-BBA16FE31786} = {CE373DF4-4536-4779-83A0-8F5075D8D826}
		{9D6987DD-952A-45F0-971F-E30E8AE8EE71} = {8F608515-2CAF-4B86-9E52-BBA16FE31786}
		{711CE167-8122-4496-B7D9-6C6FE8C2E66E} = {CE373DF4-4536-4779-83A0-8F5075D8D826}
		{7A8546CB-563E-47D9-BB5D-BA99AFEE8934} = {711CE167-8122-4496-B7D9-6C6FE8C2E66E}
		{EA701F21-C465-438A-B2C6-C684A9761CC5} = {CE373DF4-4536-4779-83A0-8F5075D8D826}
		{201E6668-D2BD-4F3F-8422-C9D25FF3F367} = {EA701F21-C465-438A-B2C6-C684A9761CC5}
		{6A497F46-8099-4AC0-80DC-29C19EFACD05} = {EA701F21-C465-438A-B2C6-C684A9761CC5}
		{651D6E77-2594-47DB-B05A-CEB0C267577C} = {EA701F21-C465-438A-B2C6-C684A9761CC5}
		{EA7B15E5-41CB-40DB-B9AF-EF9BA53FBA0F} = {201E6668-D2BD-4F3F-8422-C9D25FF3F367}
		{13134A4F-CCB9-4EFA-9354-E295C1E00287} = {201E6668-D2BD-4F3F-8422-C9D25FF3F367}
		{4E129B7C-4A44-403A-A40E-4B84BB428CCD} = {6A497F46-8099-4AC0-80DC-29C19EFACD05}
		{BFE70AE5-31BC-4A9F-84D2-D30BAB9F0857} = {651D6E77-2594-47DB-B05A-CEB0C267577C}
		{77BACD27-6773-41BA-84D8-7A4CD6BE199F} = {B601FF96-5E02-4659-87D1-C050319ED6A9}
	EndGlobalSection
	GlobalSection(ExtensibilityGlobals) = postSolution
		SolutionGuid = {08F3A9D8-1A1B-4388-AAF3-4DA5E2190C85}
	EndGlobalSection
EndGlobal
